{
  "version": 4,
  "terraform_version": "1.10.3",
  "serial": 3,
  "lineage": "3d6d642d-1b26-03fc-f240-eb656eb85768",
  "outputs": {},
  "resources": [
    {
      "module": "module.iam_user",
      "mode": "managed",
      "type": "aws_iam_user",
      "name": "my_iam_user",
      "provider": "module.iam_user.provider[\"registry.terraform.io/hashicorp/aws\"]",
      "instances": [
        {
          "schema_version": 0,
          "attributes": {
            "arn": "arn:aws:iam::585008071590:user/terraform-user",
            "force_destroy": true,
            "id": "terraform-user",
            "name": "terraform-user",
            "path": "/",
            "permissions_boundary": "",
            "tags": {
              "Env": "test"
            },
            "tags_all": {
              "Env": "test"
            },
            "unique_id": "AIDAYQNJSYOTMPIO6ZTXT"
          },
          "sensitive_attributes": [],
          "private": "bnVsbA=="
        }
      ]
    },
    {
      "module": "module.iam_user",
      "mode": "managed",
      "type": "aws_iam_user_policy_attachment",
      "name": "my_user_admin_policy",
      "provider": "module.iam_user.provider[\"registry.terraform.io/hashicorp/aws\"]",
      "instances": [
        {
          "schema_version": 0,
          "attributes": {
            "id": "terraform-user-20241225132629513400000001",
            "policy_arn": "arn:aws:iam::aws:policy/AdministratorAccess",
            "user": "terraform-user"
          },
          "sensitive_attributes": [],
          "private": "bnVsbA==",
          "dependencies": [
            "module.iam_user.aws_iam_user.my_iam_user"
          ]
        }
      ]
    }
  ],
  "check_results": null
}
